
Microsoft Visual Studio Solution File, Format Version 12.00
# Visual Studio Version 16
VisualStudioVersion = 16.0.30907.101
MinimumVisualStudioVersion = 10.0.40219.1
Project("{FAE04EC0-301F-11D3-BF4B-00C04F79EFBC}") = "PrintingApp", "PrintingApp\PrintingApp.csproj", "{4AE99273-5A78-4584-9564-7373D26009E3}"
EndProject
Global
	GlobalSection(SolutionConfigurationPlatforms) = preSolution
		Debug|Any CPU = Debug|Any CPU
		Release|Any CPU = Release|Any CPU
	EndGlobalSection
	GlobalSection(ProjectConfigurationPlatforms) = postSolution
		{4AE99273-5A78-4584-9564-7373D26009E3}.Debug|Any CPU.ActiveCfg = Debug|Any CPU
		{4AE99273-5A78-4584-9564-7373D26009E3}.Debug|Any CPU.Build.0 = Debug|Any CPU
		{4AE99273-5A78-4584-9564-7373D26009E3}.Release|Any CPU.ActiveCfg = Release|Any CPU
		{4AE99273-5A78-4584-9564-7373D26009E3}.Release|Any CPU.Build.0 = Release|Any CPU
	EndGlobalSection
	GlobalSection(SolutionProperties) = preSolution
		HideSolutionNode = FALSE
	EndGlobalSection
	GlobalSection(ExtensibilityGlobals) = postSolution
		SolutionGuid = {C5053CE4-98E7-4304-844F-510E70B77F12}
	EndGlobalSection
EndGlobal
