
Microsoft Visual Studio Solution File, Format Version 12.00
# Visual Studio Version 16
VisualStudioVersion = 16.0.30907.101
MinimumVisualStudioVersion = 10.0.40219.1
Project("{FAE04EC0-301F-11D3-BF4B-00C04F79EFBC}") = "FormsApp", "FormsApp\FormsApp.csproj", "{ADBAAF2D-EB06-4CD1-A1A2-99E5616242E2}"
EndProject
Global
	GlobalSection(SolutionConfigurationPlatforms) = preSolution
		Debug|Any CPU = Debug|Any CPU
		Release|Any CPU = Release|Any CPU
	EndGlobalSection
	GlobalSection(ProjectConfigurationPlatforms) = postSolution
		{ADBAAF2D-EB06-4CD1-A1A2-99E5616242E2}.Debug|Any CPU.ActiveCfg = Debug|Any CPU
		{ADBAAF2D-EB06-4CD1-A1A2-99E5616242E2}.Debug|Any CPU.Build.0 = Debug|Any CPU
		{ADBAAF2D-EB06-4CD1-A1A2-99E5616242E2}.Release|Any CPU.ActiveCfg = Release|Any CPU
		{ADBAAF2D-EB06-4CD1-A1A2-99E5616242E2}.Release|Any CPU.Build.0 = Release|Any CPU
	EndGlobalSection
	GlobalSection(SolutionProperties) = preSolution
		HideSolutionNode = FALSE
	EndGlobalSection
	GlobalSection(ExtensibilityGlobals) = postSolution
		SolutionGuid = {A4502297-9A44-4500-ADD0-27BC67985FC9}
	EndGlobalSection
EndGlobal
