
Microsoft Visual Studio Solution File, Format Version 12.00
# Visual Studio Version 16
VisualStudioVersion = 16.0.30907.101
MinimumVisualStudioVersion = 10.0.40219.1
Project("{FAE04EC0-301F-11D3-BF4B-00C04F79EFBC}") = "SimpleNotepad", "SimpleNotepad\SimpleNotepad.csproj", "{F779C653-2D60-4B74-9CBE-F9D7181FFAF8}"
EndProject
Global
	GlobalSection(SolutionConfigurationPlatforms) = preSolution
		Debug|Any CPU = Debug|Any CPU
		Release|Any CPU = Release|Any CPU
	EndGlobalSection
	GlobalSection(ProjectConfigurationPlatforms) = postSolution
		{F779C653-2D60-4B74-9CBE-F9D7181FFAF8}.Debug|Any CPU.ActiveCfg = Debug|Any CPU
		{F779C653-2D60-4B74-9CBE-F9D7181FFAF8}.Debug|Any CPU.Build.0 = Debug|Any CPU
		{F779C653-2D60-4B74-9CBE-F9D7181FFAF8}.Release|Any CPU.ActiveCfg = Release|Any CPU
		{F779C653-2D60-4B74-9CBE-F9D7181FFAF8}.Release|Any CPU.Build.0 = Release|Any CPU
	EndGlobalSection
	GlobalSection(SolutionProperties) = preSolution
		HideSolutionNode = FALSE
	EndGlobalSection
	GlobalSection(ExtensibilityGlobals) = postSolution
		SolutionGuid = {863ACAC1-1E26-49B4-B7D0-C85FA210A2E3}
	EndGlobalSection
EndGlobal
