
Microsoft Visual Studio Solution File, Format Version 12.00
# Visual Studio Version 16
VisualStudioVersion = 16.0.30804.86
MinimumVisualStudioVersion = 10.0.40219.1
Project("{FAE04EC0-301F-11D3-BF4B-00C04F79EFBC}") = "test", "test\test.csproj", "{CA042472-70D5-47C4-890E-26E25B52B49F}"
EndProject
Global
	GlobalSection(SolutionConfigurationPlatforms) = preSolution
		Debug|Any CPU = Debug|Any CPU
		Release|Any CPU = Release|Any CPU
	EndGlobalSection
	GlobalSection(ProjectConfigurationPlatforms) = postSolution
		{CA042472-70D5-47C4-890E-26E25B52B49F}.Debug|Any CPU.ActiveCfg = Debug|Any CPU
		{CA042472-70D5-47C4-890E-26E25B52B49F}.Debug|Any CPU.Build.0 = Debug|Any CPU
		{CA042472-70D5-47C4-890E-26E25B52B49F}.Release|Any CPU.ActiveCfg = Release|Any CPU
		{CA042472-70D5-47C4-890E-26E25B52B49F}.Release|Any CPU.Build.0 = Release|Any CPU
	EndGlobalSection
	GlobalSection(SolutionProperties) = preSolution
		HideSolutionNode = FALSE
	EndGlobalSection
	GlobalSection(ExtensibilityGlobals) = postSolution
		SolutionGuid = {DBCCBADE-D1BA-4AAF-9A52-B5793A121766}
	EndGlobalSection
EndGlobal
